// !$*UTF8*$!
{
	archiveVersion = 1;
	classes = {
	};
	objectVersion = 50;
	objects = {

/* Begin PBXBuildFile section */
		89F0C4AD22964C7C00475C8D /* AppDelegate.m in Sources */ = {isa = PBXBuildFile; fileRef = 89F0C4AC22964C7C00475C8D /* AppDelegate.m */; };
		89F0C4B022964C7C00475C8D /* ViewController.m in Sources */ = {isa = PBXBuildFile; fileRef = 89F0C4AF22964C7C00475C8D /* ViewController.m */; };
		89F0C4B322964C7C00475C8D /* Main.storyboard in Resources */ = {isa = PBXBuildFile; fileRef = 89F0C4B122964C7C00475C8D /* Main.storyboard */; };
		89F0C4B522964C7E00475C8D /* Assets.xcassets in Resources */ = {isa = PBXBuildFile; fileRef = 89F0C4B422964C7E00475C8D /* Assets.xcassets */; };
		89F0C4B822964C7E00475C8D /* LaunchScreen.storyboard in Resources */ = {isa = PBXBuildFile; fileRef = 89F0C4B622964C7E00475C8D /* LaunchScreen.storyboard */; };
		89F0C4BB22964C7E00475C8D /* main.m in Sources */ = {isa = PBXBuildFile; fileRef = 89F0C4BA22964C7E00475C8D /* main.m */; };
		89F0C4C522964C7E00475C8D /* ButtonHighlightTests.m in Sources */ = {isa = PBXBuildFile; fileRef = 89F0C4C422964C7E00475C8D /* ButtonHighlightTests.m */; };
		89F0C4D022964C7E00475C8D /* ButtonHighlightUITests.m in Sources */ = {isa = PBXBuildFile; fileRef = 89F0C4CF22964C7E00475C8D /* ButtonHighlightUITests.m */; };
		89F0C4DF22966F9A00475C8D /* AudioButton.m in Sources */ = {isa = PBXBuildFile; fileRef = 89F0C4DE22966F9A00475C8D /* AudioButton.m */; };
/* End PBXBuildFile section */

/* Begin PBXContainerItemProxy section */
		89F0C4C122964C7E00475C8D /* PBXContainerItemProxy */ = {
			isa = PBXContainerItemProxy;
			containerPortal = 89F0C4A022964C7C00475C8D /* Project object */;
			proxyType = 1;
			remoteGlobalIDString = 89F0C4A722964C7C00475C8D;
			remoteInfo = ButtonHighlight;
		};
		89F0C4CC22964C7E00475C8D /* PBXContainerItemProxy */ = {
			isa = PBXContainerItemProxy;
			containerPortal = 89F0C4A022964C7C00475C8D /* Project object */;
			proxyType = 1;
			remoteGlobalIDString = 89F0C4A722964C7C00475C8D;
			remoteInfo = ButtonHighlight;
		};
/* End PBXContainerItemProxy section */

/* Begin PBXFileReference section */
		89F0C4A822964C7C00475C8D /* ButtonHighlight.app */ = {isa = PBXFileReference; explicitFileType = wrapper.application; includeInIndex = 0; path = ButtonHighlight.app; sourceTree = BUILT_PRODUCTS_DIR; };
		89F0C4AB22964C7C00475C8D /* AppDelegate.h */ = {isa = PBXFileReference; lastKnownFileType = sourcecode.c.h; path = AppDelegate.h; sourceTree = "<group>"; };
		89F0C4AC22964C7C00475C8D /* AppDelegate.m */ = {isa = PBXFileReference; lastKnownFileType = sourcecode.c.objc; path = AppDelegate.m; sourceTree = "<group>"; };
		89F0C4AE22964C7C00475C8D /* ViewController.h */ = {isa = PBXFileReference; lastKnownFileType = sourcecode.c.h; path = ViewController.h; sourceTree = "<group>"; };
		89F0C4AF22964C7C00475C8D /* ViewController.m */ = {isa = PBXFileReference; lastKnownFileType = sourcecode.c.objc; path = ViewController.m; sourceTree = "<group>"; };
		89F0C4B222964C7C00475C8D /* Base */ = {isa = PBXFileReference; lastKnownFileType = file.storyboard; name = Base; path = Base.lproj/Main.storyboard; sourceTree = "<group>"; };
		89F0C4B422964C7E00475C8D /* Assets.xcassets */ = {isa = PBXFileReference; lastKnownFileType = folder.assetcatalog; path = Assets.xcassets; sourceTree = "<group>"; };
		89F0C4B722964C7E00475C8D /* Base */ = {isa = PBXFileReference; lastKnownFileType = file.storyboard; name = Base; path = Base.lproj/LaunchScreen.storyboard; sourceTree = "<group>"; };
		89F0C4B922964C7E00475C8D /* Info.plist */ = {isa = PBXFileReference; lastKnownFileType = text.plist.xml; path = Info.plist; sourceTree = "<group>"; };
		89F0C4BA22964C7E00475C8D /* main.m */ = {isa = PBXFileReference; lastKnownFileType = sourcecode.c.objc; path = main.m; sourceTree = "<group>"; };
		89F0C4C022964C7E00475C8D /* ButtonHighlightTests.xctest */ = {isa = PBXFileReference; explicitFileType = wrapper.cfbundle; includeInIndex = 0; path = ButtonHighlightTests.xctest; sourceTree = BUILT_PRODUCTS_DIR; };
		89F0C4C422964C7E00475C8D /* ButtonHighlightTests.m */ = {isa = PBXFileReference; lastKnownFileType = sourcecode.c.objc; path = ButtonHighlightTests.m; sourceTree = "<group>"; };
		89F0C4C622964C7E00475C8D /* Info.plist */ = {isa = PBXFileReference; lastKnownFileType = text.plist.xml; path = Info.plist; sourceTree = "<group>"; };
		89F0C4CB22964C7E00475C8D /* ButtonHighlightUITests.xctest */ = {isa = PBXFileReference; explicitFileType = wrapper.cfbundle; includeInIndex = 0; path = ButtonHighlightUITests.xctest; sourceTree = BUILT_PRODUCTS_DIR; };
		89F0C4CF22964C7E00475C8D /* ButtonHighlightUITests.m */ = {isa = PBXFileReference; lastKnownFileType = sourcecode.c.objc; path = ButtonHighlightUITests.m; sourceTree = "<group>"; };
		89F0C4D122964C7E00475C8D /* Info.plist */ = {isa = PBXFileReference; lastKnownFileType = text.plist.xml; path = Info.plist; sourceTree = "<group>"; };
		89F0C4DD22966F9A00475C8D /* AudioButton.h */ = {isa = PBXFileReference; lastKnownFileType = sourcecode.c.h; path = AudioButton.h; sourceTree = "<group>"; };
		89F0C4DE22966F9A00475C8D /* AudioButton.m */ = {isa = PBXFileReference; lastKnownFileType = sourcecode.c.objc; path = AudioButton.m; sourceTree = "<group>"; };
/* End PBXFileReference section */

/* Begin PBXFrameworksBuildPhase section */
		89F0C4A522964C7C00475C8D /* Frameworks */ = {
			isa = PBXFrameworksBuildPhase;
			buildActionMask = 2147483647;
			files = (
			);
			runOnlyForDeploymentPostprocessing = 0;
		};
		89F0C4BD22964C7E00475C8D /* Frameworks */ = {
			isa = PBXFrameworksBuildPhase;
			buildActionMask = 2147483647;
			files = (
			);
			runOnlyForDeploymentPostprocessing = 0;
		};
		89F0C4C822964C7E00475C8D /* Frameworks */ = {
			isa = PBXFrameworksBuildPhase;
			buildActionMask = 2147483647;
			files = (
			);
			runOnlyForDeploymentPostprocessing = 0;
		};
/* End PBXFrameworksBuildPhase section */

/* Begin PBXGroup section */
		89F0C49F22964C7C00475C8D = {
			isa = PBXGroup;
			children = (
				89F0C4AA22964C7C00475C8D /* ButtonHighlight */,
				89F0C4C322964C7E00475C8D /* ButtonHighlightTests */,
				89F0C4CE22964C7E00475C8D /* ButtonHighlightUITests */,
				89F0C4A922964C7C00475C8D /* Products */,
			);
			sourceTree = "<group>";
		};
		89F0C4A922964C7C00475C8D /* Products */ = {
			isa = PBXGroup;
			children = (
				89F0C4A822964C7C00475C8D /* ButtonHighlight.app */,
				89F0C4C022964C7E00475C8D /* ButtonHighlightTests.xctest */,
				89F0C4CB22964C7E00475C8D /* ButtonHighlightUITests.xctest */,
			);
			name = Products;
			sourceTree = "<group>";
		};
		89F0C4AA22964C7C00475C8D /* ButtonHighlight */ = {
			isa = PBXGroup;
			children = (
				89F0C4AB22964C7C00475C8D /* AppDelegate.h */,
				89F0C4AC22964C7C00475C8D /* AppDelegate.m */,
				89F0C4AE22964C7C00475C8D /* ViewController.h */,
				89F0C4AF22964C7C00475C8D /* ViewController.m */,
				89F0C4DD22966F9A00475C8D /* AudioButton.h */,
				89F0C4DE22966F9A00475C8D /* AudioButton.m */,
				89F0C4B122964C7C00475C8D /* Main.storyboard */,
				89F0C4B422964C7E00475C8D /* Assets.xcassets */,
				89F0C4B622964C7E00475C8D /* LaunchScreen.storyboard */,
				89F0C4B922964C7E00475C8D /* Info.plist */,
				89F0C4BA22964C7E00475C8D /* main.m */,
			);
			path = ButtonHighlight;
			sourceTree = "<group>";
		};
		89F0C4C322964C7E00475C8D /* ButtonHighlightTests */ = {
			isa = PBXGroup;
			children = (
				89F0C4C422964C7E00475C8D /* ButtonHighlightTests.m */,
				89F0C4C622964C7E00475C8D /* Info.plist */,
			);
			path = ButtonHighlightTests;
			sourceTree = "<group>";
		};
		89F0C4CE22964C7E00475C8D /* ButtonHighlightUITests */ = {
			isa = PBXGroup;
			children = (
				89F0C4CF22964C7E00475C8D /* ButtonHighlightUITests.m */,
				89F0C4D122964C7E00475C8D /* Info.plist */,
			);
			path = ButtonHighlightUITests;
			sourceTree = "<group>";
		};
/* End PBXGroup section */

/* Begin PBXNativeTarget section */
		89F0C4A722964C7C00475C8D /* ButtonHighlight */ = {
			isa = PBXNativeTarget;
			buildConfigurationList = 89F0C4D422964C7E00475C8D /* Build configuration list for PBXNativeTarget "ButtonHighlight" */;
			buildPhases = (
				89F0C4A422964C7C00475C8D /* Sources */,
				89F0C4A522964C7C00475C8D /* Frameworks */,
				89F0C4A622964C7C00475C8D /* Resources */,
			);
			buildRules = (
			);
			dependencies = (
			);
			name = ButtonHighlight;
			productName = ButtonHighlight;
			productReference = 89F0C4A822964C7C00475C8D /* ButtonHighlight.app */;
			productType = "com.apple.product-type.application";
		};
		89F0C4BF22964C7E00475C8D /* ButtonHighlightTests */ = {
			isa = PBXNativeTarget;
			buildConfigurationList = 89F0C4D722964C7E00475C8D /* Build configuration list for PBXNativeTarget "ButtonHighlightTests" */;
			buildPhases = (
				89F0C4BC22964C7E00475C8D /* Sources */,
				89F0C4BD22964C7E00475C8D /* Frameworks */,
				89F0C4BE22964C7E00475C8D /* Resources */,
			);
			buildRules = (
			);
			dependencies = (
				89F0C4C222964C7E00475C8D /* PBXTargetDependency */,
			);
			name = ButtonHighlightTests;
			productName = ButtonHighlightTests;
			productReference = 89F0C4C022964C7E00475C8D /* ButtonHighlightTests.xctest */;
			productType = "com.apple.product-type.bundle.unit-test";
		};
		89F0C4CA22964C7E00475C8D /* ButtonHighlightUITests */ = {
			isa = PBXNativeTarget;
			buildConfigurationList = 89F0C4DA22964C7E00475C8D /* Build configuration list for PBXNativeTarget "ButtonHighlightUITests" */;
			buildPhases = (
				89F0C4C722964C7E00475C8D /* Sources */,
				89F0C4C822964C7E00475C8D /* Frameworks */,
				89F0C4C922964C7E00475C8D /* Resources */,
			);
			buildRules = (
			);
			dependencies = (
				89F0C4CD22964C7E00475C8D /* PBXTargetDependency */,
			);
			name = ButtonHighlightUITests;
			productName = ButtonHighlightUITests;
			productReference = 89F0C4CB22964C7E00475C8D /* ButtonHighlightUITests.xctest */;
			productType = "com.apple.product-type.bundle.ui-testing";
		};
/* End PBXNativeTarget section */

/* Begin PBXProject section */
		89F0C4A022964C7C00475C8D /* Project object */ = {
			isa = PBXProject;
			attributes = {
				LastUpgradeCheck = 1020;
				ORGANIZATIONNAME = "BJIT LTD";
				TargetAttributes = {
					89F0C4A722964C7C00475C8D = {
						CreatedOnToolsVersion = 10.2.1;
					};
					89F0C4BF22964C7E00475C8D = {
						CreatedOnToolsVersion = 10.2.1;
						TestTargetID = 89F0C4A722964C7C00475C8D;
					};
					89F0C4CA22964C7E00475C8D = {
						CreatedOnToolsVersion = 10.2.1;
						TestTargetID = 89F0C4A722964C7C00475C8D;
					};
				};
			};
			buildConfigurationList = 89F0C4A322964C7C00475C8D /* Build configuration list for PBXProject "ButtonHighlight" */;
			compatibilityVersion = "Xcode 9.3";
			developmentRegion = en;
			hasScannedForEncodings = 0;
			knownRegions = (
				en,
				Base,
			);
			mainGroup = 89F0C49F22964C7C00475C8D;
			productRefGroup = 89F0C4A922964C7C00475C8D /* Products */;
			projectDirPath = "";
			projectRoot = "";
			targets = (
				89F0C4A722964C7C00475C8D /* ButtonHighlight */,
				89F0C4BF22964C7E00475C8D /* ButtonHighlightTests */,
				89F0C4CA22964C7E00475C8D /* ButtonHighlightUITests */,
			);
		};
/* End PBXProject section */

/* Begin PBXResourcesBuildPhase section */
		89F0C4A622964C7C00475C8D /* Resources */ = {
			isa = PBXResourcesBuildPhase;
			buildActionMask = 2147483647;
			files = (
				89F0C4B822964C7E00475C8D /* LaunchScreen.storyboard in Resources */,
				89F0C4B522964C7E00475C8D /* Assets.xcassets in Resources */,
				89F0C4B322964C7C00475C8D /* Main.storyboard in Resources */,
			);
			runOnlyForDeploymentPostprocessing = 0;
		};
		89F0C4BE22964C7E00475C8D /* Resources */ = {
			isa = PBXResourcesBuildPhase;
			buildActionMask = 2147483647;
			files = (
			);
			runOnlyForDeploymentPostprocessing = 0;
		};
		89F0C4C922964C7E00475C8D /* Resources */ = {
			isa = PBXResourcesBuildPhase;
			buildActionMask = 2147483647;
			files = (
			);
			runOnlyForDeploymentPostprocessing = 0;
		};
/* End PBXResourcesBuildPhase section */

/* Begin PBXSourcesBuildPhase section */
		89F0C4A422964C7C00475C8D /* Sources */ = {
			isa = PBXSourcesBuildPhase;
			buildActionMask = 2147483647;
			files = (
				89F0C4B022964C7C00475C8D /* ViewController.m in Sources */,
				89F0C4BB22964C7E00475C8D /* main.m in Sources */,
				89F0C4DF22966F9A00475C8D /* AudioButton.m in Sources */,
				89F0C4AD22964C7C00475C8D /* AppDelegate.m in Sources */,
			);
			runOnlyForDeploymentPostprocessing = 0;
		};
		89F0C4BC22964C7E00475C8D /* Sources */ = {
			isa = PBXSourcesBuildPhase;
			buildActionMask = 2147483647;
			files = (
				89F0C4C522964C7E00475C8D /* ButtonHighlightTests.m in Sources */,
			);
			runOnlyForDeploymentPostprocessing = 0;
		};
		89F0C4C722964C7E00475C8D /* Sources */ = {
			isa = PBXSourcesBuildPhase;
			buildActionMask = 2147483647;
			files = (
				89F0C4D022964C7E00475C8D /* ButtonHighlightUITests.m in Sources */,
			);
			runOnlyForDeploymentPostprocessing = 0;
		};
/* End PBXSourcesBuildPhase section */

/* Begin PBXTargetDependency section */
		89F0C4C222964C7E00475C8D /* PBXTargetDependency */ = {
			isa = PBXTargetDependency;
			target = 89F0C4A722964C7C00475C8D /* ButtonHighlight */;
			targetProxy = 89F0C4C122964C7E00475C8D /* PBXContainerItemProxy */;
		};
		89F0C4CD22964C7E00475C8D /* PBXTargetDependency */ = {
			isa = PBXTargetDependency;
			target = 89F0C4A722964C7C00475C8D /* ButtonHighlight */;
			targetProxy = 89F0C4CC22964C7E00475C8D /* PBXContainerItemProxy */;
		};
/* End PBXTargetDependency section */

/* Begin PBXVariantGroup section */
		89F0C4B122964C7C00475C8D /* Main.storyboard */ = {
			isa = PBXVariantGroup;
			children = (
				89F0C4B222964C7C00475C8D /* Base */,
			);
			name = Main.storyboard;
			sourceTree = "<group>";
		};
		89F0C4B622964C7E00475C8D /* LaunchScreen.storyboard */ = {
			isa = PBXVariantGroup;
			children = (
				89F0C4B722964C7E00475C8D /* Base */,
			);
			name = LaunchScreen.storyboard;
			sourceTree = "<group>";
		};
/* End PBXVariantGroup section */

/* Begin XCBuildConfiguration section */
		89F0C4D222964C7E00475C8D /* Debug */ = {
			isa = XCBuildConfiguration;
			buildSettings = {
				ALWAYS_SEARCH_USER_PATHS = NO;
				CLANG_ANALYZER_NONNULL = YES;
				CLANG_ANALYZER_NUMBER_OBJECT_CONVERSION = YES_AGGRESSIVE;
				CLANG_CXX_LANGUAGE_STANDARD = "gnu++14";
				CLANG_CXX_LIBRARY = "libc++";
				CLANG_ENABLE_MODULES = YES;
				CLANG_ENABLE_OBJC_ARC = YES;
				CLANG_ENABLE_OBJC_WEAK = YES;
				CLANG_WARN_BLOCK_CAPTURE_AUTORELEASING = YES;
				CLANG_WARN_BOOL_CONVERSION = YES;
				CLANG_WARN_COMMA = YES;
				CLANG_WARN_CONSTANT_CONVERSION = YES;
				CLANG_WARN_DEPRECATED_OBJC_IMPLEMENTATIONS = YES;
				CLANG_WARN_DIRECT_OBJC_ISA_USAGE = YES_ERROR;
				CLANG_WARN_DOCUMENTATION_COMMENTS = YES;
				CLANG_WARN_EMPTY_BODY = YES;
				CLANG_WARN_ENUM_CONVERSION = YES;
				CLANG_WARN_INFINITE_RECURSION = YES;
				CLANG_WARN_INT_CONVERSION = YES;
				CLANG_WARN_NON_LITERAL_NULL_CONVERSION = YES;
				CLANG_WARN_OBJC_IMPLICIT_RETAIN_SELF = YES;
				CLANG_WARN_OBJC_LITERAL_CONVERSION = YES;
				CLANG_WARN_OBJC_ROOT_CLASS = YES_ERROR;
				CLANG_WARN_RANGE_LOOP_ANALYSIS = YES;
				CLANG_WARN_STRICT_PROTOTYPES = YES;
				CLANG_WARN_SUSPICIOUS_MOVE = YES;
				CLANG_WARN_UNGUARDED_AVAILABILITY = YES_AGGRESSIVE;
				CLANG_WARN_UNREACHABLE_CODE = YES;
				CLANG_WARN__DUPLICATE_METHOD_MATCH = YES;
				CODE_SIGN_IDENTITY = "iPhone Developer";
				COPY_PHASE_STRIP = NO;
				DEBUG_INFORMATION_FORMAT = dwarf;
				ENABLE_STRICT_OBJC_MSGSEND = YES;
				ENABLE_TESTABILITY = YES;
				GCC_C_LANGUAGE_STANDARD = gnu11;
				GCC_DYNAMIC_NO_PIC = NO;
				GCC_NO_COMMON_BLOCKS = YES;
				GCC_OPTIMIZATION_LEVEL = 0;
				GCC_PREPROCESSOR_DEFINITIONS = (
					"DEBUG=1",
					"$(inherited)",
				);
				GCC_WARN_64_TO_32_BIT_CONVERSION = YES;
				GCC_WARN_ABOUT_RETURN_TYPE = YES_ERROR;
				GCC_WARN_UNDECLARED_SELECTOR = YES;
				GCC_WARN_UNINITIALIZED_AUTOS = YES_AGGRESSIVE;
				GCC_WARN_UNUSED_FUNCTION = YES;
				GCC_WARN_UNUSED_VARIABLE = YES;
				IPHONEOS_DEPLOYMENT_TARGET = 12.2;
				MTL_ENABLE_DEBUG_INFO = INCLUDE_SOURCE;
				MTL_FAST_MATH = YES;
				ONLY_ACTIVE_ARCH = YES;
				SDKROOT = iphoneos;
			};
			name = Debug;
		};
		89F0C4D322964C7E00475C8D /* Release */ = {
			isa = XCBuildConfiguration;
			buildSettings = {
				ALWAYS_SEARCH_USER_PATHS = NO;
				CLANG_ANALYZER_NONNULL = YES;
				CLANG_ANALYZER_NUMBER_OBJECT_CONVERSION = YES_AGGRESSIVE;
				CLANG_CXX_LANGUAGE_STANDARD = "gnu++14";
				CLANG_CXX_LIBRARY = "libc++";
				CLANG_ENABLE_MODULES = YES;
				CLANG_ENABLE_OBJC_ARC = YES;
				CLANG_ENABLE_OBJC_WEAK = YES;
				CLANG_WARN_BLOCK_CAPTURE_AUTORELEASING = YES;
				CLANG_WARN_BOOL_CONVERSION = YES;
				CLANG_WARN_COMMA = YES;
				CLANG_WARN_CONSTANT_CONVERSION = YES;
				CLANG_WARN_DEPRECATED_OBJC_IMPLEMENTATIONS = YES;
				CLANG_WARN_DIRECT_OBJC_ISA_USAGE = YES_ERROR;
				CLANG_WARN_DOCUMENTATION_COMMENTS = YES;
				CLANG_WARN_EMPTY_BODY = YES;
				CLANG_WARN_ENUM_CONVERSION = YES;
				CLANG_WARN_INFINITE_RECURSION = YES;
				CLANG_WARN_INT_CONVERSION = YES;
				CLANG_WARN_NON_LITERAL_NULL_CONVERSION = YES;
				CLANG_WARN_OBJC_IMPLICIT_RETAIN_SELF = YES;
				CLANG_WARN_OBJC_LITERAL_CONVERSION = YES;
				CLANG_WARN_OBJC_ROOT_CLASS = YES_ERROR;
				CLANG_WARN_RANGE_LOOP_ANALYSIS = YES;
				CLANG_WARN_STRICT_PROTOTYPES = YES;
				CLANG_WARN_SUSPICIOUS_MOVE = YES;
				CLANG_WARN_UNGUARDED_AVAILABILITY = YES_AGGRESSIVE;
				CLANG_WARN_UNREACHABLE_CODE = YES;
				CLANG_WARN__DUPLICATE_METHOD_MATCH = YES;
				CODE_SIGN_IDENTITY = "iPhone Developer";
				COPY_PHASE_STRIP = NO;
				DEBUG_INFORMATION_FORMAT = "dwarf-with-dsym";
				ENABLE_NS_ASSERTIONS = NO;
				ENABLE_STRICT_OBJC_MSGSEND = YES;
				GCC_C_LANGUAGE_STANDARD = gnu11;
				GCC_NO_COMMON_BLOCKS = YES;
				GCC_WARN_64_TO_32_BIT_CONVERSION = YES;
				GCC_WARN_ABOUT_RETURN_TYPE = YES_ERROR;
				GCC_WARN_UNDECLARED_SELECTOR = YES;
				GCC_WARN_UNINITIALIZED_AUTOS = YES_AGGRESSIVE;
				GCC_WARN_UNUSED_FUNCTION = YES;
				GCC_WARN_UNUSED_VARIABLE = YES;
				IPHONEOS_DEPLOYMENT_TARGET = 12.2;
				MTL_ENABLE_DEBUG_INFO = NO;
				MTL_FAST_MATH = YES;
				SDKROOT = iphoneos;
				VALIDATE_PRODUCT = YES;
			};
			name = Release;
		};
		89F0C4D522964C7E00475C8D /* Debug */ = {
			isa = XCBuildConfiguration;
			buildSettings = {
				ASSETCATALOG_COMPILER_APPICON_NAME = AppIcon;
				CODE_SIGN_STYLE = Manual;
				DEVELOPMENT_TEAM = 94753NKWW7;
				INFOPLIST_FILE = ButtonHighlight/Info.plist;
				IPHONEOS_DEPLOYMENT_TARGET = 9.0;
				LD_RUNPATH_SEARCH_PATHS = (
					"$(inherited)",
					"@executable_path/Frameworks",
				);
				PRODUCT_BUNDLE_IDENTIFIER = com.bjit.ButtonHighlight;
				PRODUCT_NAME = "$(TARGET_NAME)";
				PROVISIONING_PROFILE_SPECIFIER = "BJIT Generic Development Provisioning Profile";
				TARGETED_DEVICE_FAMILY = "1,2";
			};
			name = Debug;
		};
		89F0C4D622964C7E00475C8D /* Release */ = {
			isa = XCBuildConfiguration;
			buildSettings = {
				ASSETCATALOG_COMPILER_APPICON_NAME = AppIcon;
				CODE_SIGN_STYLE = Manual;
				DEVELOPMENT_TEAM = 94753NKWW7;
				INFOPLIST_FILE = ButtonHighlight/Info.plist;
				IPHONEOS_DEPLOYMENT_TARGET = 9.0;
				LD_RUNPATH_SEARCH_PATHS = (
					"$(inherited)",
					"@executable_path/Frameworks",
				);
				PRODUCT_BUNDLE_IDENTIFIER = com.bjit.ButtonHighlight;
				PRODUCT_NAME = "$(TARGET_NAME)";
				PROVISIONING_PROFILE_SPECIFIER = "BJIT Generic Development Provisioning Profile";
				TARGETED_DEVICE_FAMILY = "1,2";
			};
			name = Release;
		};
		89F0C4D822964C7E00475C8D /* Debug */ = {
			isa = XCBuildConfiguration;
			buildSettings = {
				BUNDLE_LOADER = "$(TEST_HOST)";
				CODE_SIGN_STYLE = Automatic;
				INFOPLIST_FILE = ButtonHighlightTests/Info.plist;
				LD_RUNPATH_SEARCH_PATHS = (
					"$(inherited)",
					"@executable_path/Frameworks",
					"@loader_path/Frameworks",
				);
				PRODUCT_BUNDLE_IDENTIFIER = com.bjitgroup.ButtonHighlightTests;
				PRODUCT_NAME = "$(TARGET_NAME)";
				TARGETED_DEVICE_FAMILY = "1,2";
				TEST_HOST = "$(BUILT_PRODUCTS_DIR)/ButtonHighlight.app/ButtonHighlight";
			};
			name = Debug;
		};
		89F0C4D922964C7E00475C8D /* Release */ = {
			isa = XCBuildConfiguration;
			buildSettings = {
				BUNDLE_LOADER = "$(TEST_HOST)";
				CODE_SIGN_STYLE = Automatic;
				INFOPLIST_FILE = ButtonHighlightTests/Info.plist;
				LD_RUNPATH_SEARCH_PATHS = (
					"$(inherited)",
					"@executable_path/Frameworks",
					"@loader_path/Frameworks",
				);
				PRODUCT_BUNDLE_IDENTIFIER = com.bjitgroup.ButtonHighlightTests;
				PRODUCT_NAME = "$(TARGET_NAME)";
				TARGETED_DEVICE_FAMILY = "1,2";
				TEST_HOST = "$(BUILT_PRODUCTS_DIR)/ButtonHighlight.app/ButtonHighlight";
			};
			name = Release;
		};
		89F0C4DB22964C7E00475C8D /* Debug */ = {
			isa = XCBuildConfiguration;
			buildSettings = {
				CODE_SIGN_STYLE = Automatic;
				INFOPLIST_FILE = ButtonHighlightUITests/Info.plist;
				LD_RUNPATH_SEARCH_PATHS = (
					"$(inherited)",
					"@executable_path/Frameworks",
					"@loader_path/Frameworks",
				);
				PRODUCT_BUNDLE_IDENTIFIER = com.bjitgroup.ButtonHighlightUITests;
				PRODUCT_NAME = "$(TARGET_NAME)";
				TARGETED_DEVICE_FAMILY = "1,2";
				TEST_TARGET_NAME = ButtonHighlight;
			};
			name = Debug;
		};
		89F0C4DC22964C7E00475C8D /* Release */ = {
			isa = XCBuildConfiguration;
			buildSettings = {
				CODE_SIGN_STYLE = Automatic;
				INFOPLIST_FILE = ButtonHighlightUITests/Info.plist;
				LD_RUNPATH_SEARCH_PATHS = (
					"$(inherited)",
					"@executable_path/Frameworks",
					"@loader_path/Frameworks",
				);
				PRODUCT_BUNDLE_IDENTIFIER = com.bjitgroup.ButtonHighlightUITests;
				PRODUCT_NAME = "$(TARGET_NAME)";
				TARGETED_DEVICE_FAMILY = "1,2";
				TEST_TARGET_NAME = ButtonHighlight;
			};
			name = Release;
		};
/* End XCBuildConfiguration section */

/* Begin XCConfigurationList section */
		89F0C4A322964C7C00475C8D /* Build configuration list for PBXProject "ButtonHighlight" */ = {
			isa = XCConfigurationList;
			buildConfigurations = (
				89F0C4D222964C7E00475C8D /* Debug */,
				89F0C4D322964C7E00475C8D /* Release */,
			);
			defaultConfigurationIsVisible = 0;
			defaultConfigurationName = Release;
		};
		89F0C4D422964C7E00475C8D /* Build configuration list for PBXNativeTarget "ButtonHighlight" */ = {
			isa = XCConfigurationList;
			buildConfigurations = (
				89F0C4D522964C7E00475C8D /* Debug */,
				89F0C4D622964C7E00475C8D /* Release */,
			);
			defaultConfigurationIsVisible = 0;
			defaultConfigurationName = Release;
		};
		89F0C4D722964C7E00475C8D /* Build configuration list for PBXNativeTarget "ButtonHighlightTests" */ = {
			isa = XCConfigurationList;
			buildConfigurations = (
				89F0C4D822964C7E00475C8D /* Debug */,
				89F0C4D922964C7E00475C8D /* Release */,
			);
			defaultConfigurationIsVisible = 0;
			defaultConfigurationName = Release;
		};
		89F0C4DA22964C7E00475C8D /* Build configuration list for PBXNativeTarget "ButtonHighlightUITests" */ = {
			isa = XCConfigurationList;
			buildConfigurations = (
				89F0C4DB22964C7E00475C8D /* Debug */,
				89F0C4DC22964C7E00475C8D /* Release */,
			);
			defaultConfigurationIsVisible = 0;
			defaultConfigurationName = Release;
		};
/* End XCConfigurationList section */
	};
	rootObject = 89F0C4A022964C7C00475C8D /* Project object */;
}
